// !$*UTF8*$!
{
	archiveVersion = 1;
	classes = {
	};
	objectVersion = 55;
	objects = {

/* Begin PBXBuildFile section */
		D242D05D266672DA002EA7F2 /* MemoryGame.swift in Sources */ = {isa = PBXBuildFile; fileRef = D242D05C266672DA002EA7F2 /* MemoryGame.swift */; };
		D242D061266677A7002EA7F2 /* EmojiMemoryGame.swift in Sources */ = {isa = PBXBuildFile; fileRef = D242D060266677A7002EA7F2 /* EmojiMemoryGame.swift */; };
		D29170B22659A49700C5F3E5 /* MemorizeApp.swift in Sources */ = {isa = PBXBuildFile; fileRef = D29170B12659A49700C5F3E5 /* MemorizeApp.swift */; };
		D29170B42659A49700C5F3E5 /* EmojiMemoryGameView.swift in Sources */ = {isa = PBXBuildFile; fileRef = D29170B32659A49700C5F3E5 /* EmojiMemoryGameView.swift */; };
		D29170B62659A49800C5F3E5 /* Assets.xcassets in Resources */ = {isa = PBXBuildFile; fileRef = D29170B52659A49800C5F3E5 /* Assets.xcassets */; };
		D29170B92659A49800C5F3E5 /* Preview Assets.xcassets in Resources */ = {isa = PBXBuildFile; fileRef = D29170B82659A49800C5F3E5 /* Preview Assets.xcassets */; };
		D29170C42659A49800C5F3E5 /* MemorizeTests.swift in Sources */ = {isa = PBXBuildFile; fileRef = D29170C32659A49800C5F3E5 /* MemorizeTests.swift */; };
		D29170CF2659A49800C5F3E5 /* MemorizeUITests.swift in Sources */ = {isa = PBXBuildFile; fileRef = D29170CE2659A49800C5F3E5 /* MemorizeUITests.swift */; };
/* End PBXBuildFile section */

/* Begin PBXContainerItemProxy section */
		D29170C02659A49800C5F3E5 /* PBXContainerItemProxy */ = {
			isa = PBXContainerItemProxy;
			containerPortal = D29170A62659A49700C5F3E5 /* Project object */;
			proxyType = 1;
			remoteGlobalIDString = D29170AD2659A49700C5F3E5;
			remoteInfo = Memorize;
		};
		D29170CB2659A49800C5F3E5 /* PBXContainerItemProxy */ = {
			isa = PBXContainerItemProxy;
			containerPortal = D29170A62659A49700C5F3E5 /* Project object */;
			proxyType = 1;
			remoteGlobalIDString = D29170AD2659A49700C5F3E5;
			remoteInfo = Memorize;
		};
/* End PBXContainerItemProxy section */

/* Begin PBXFileReference section */
		D242D05C266672DA002EA7F2 /* MemoryGame.swift */ = {isa = PBXFileReference; lastKnownFileType = sourcecode.swift; path = MemoryGame.swift; sourceTree = "<group>"; };
		D242D060266677A7002EA7F2 /* EmojiMemoryGame.swift */ = {isa = PBXFileReference; lastKnownFileType = sourcecode.swift; path = EmojiMemoryGame.swift; sourceTree = "<group>"; };
		D29170AE2659A49700C5F3E5 /* Memorize.app */ = {isa = PBXFileReference; explicitFileType = wrapper.application; includeInIndex = 0; path = Memorize.app; sourceTree = BUILT_PRODUCTS_DIR; };
		D29170B12659A49700C5F3E5 /* MemorizeApp.swift */ = {isa = PBXFileReference; lastKnownFileType = sourcecode.swift; path = MemorizeApp.swift; sourceTree = "<group>"; };
		D29170B32659A49700C5F3E5 /* EmojiMemoryGameView.swift */ = {isa = PBXFileReference; lastKnownFileType = sourcecode.swift; path = EmojiMemoryGameView.swift; sourceTree = "<group>"; };
		D29170B52659A49800C5F3E5 /* Assets.xcassets */ = {isa = PBXFileReference; lastKnownFileType = folder.assetcatalog; path = Assets.xcassets; sourceTree = "<group>"; };
		D29170B82659A49800C5F3E5 /* Preview Assets.xcassets */ = {isa = PBXFileReference; lastKnownFileType = folder.assetcatalog; path = "Preview Assets.xcassets"; sourceTree = "<group>"; };
		D29170BA2659A49800C5F3E5 /* Info.plist */ = {isa = PBXFileReference; lastKnownFileType = text.plist.xml; path = Info.plist; sourceTree = "<group>"; };
		D29170BF2659A49800C5F3E5 /* MemorizeTests.xctest */ = {isa = PBXFileReference; explicitFileType = wrapper.cfbundle; includeInIndex = 0; path = MemorizeTests.xctest; sourceTree = BUILT_PRODUCTS_DIR; };
		D29170C32659A49800C5F3E5 /* MemorizeTests.swift */ = {isa = PBXFileReference; lastKnownFileType = sourcecode.swift; path = MemorizeTests.swift; sourceTree = "<group>"; };
		D29170C52659A49800C5F3E5 /* Info.plist */ = {isa = PBXFileReference; lastKnownFileType = text.plist.xml; path = Info.plist; sourceTree = "<group>"; };
		D29170CA2659A49800C5F3E5 /* MemorizeUITests.xctest */ = {isa = PBXFileReference; explicitFileType = wrapper.cfbundle; includeInIndex = 0; path = MemorizeUITests.xctest; sourceTree = BUILT_PRODUCTS_DIR; };
		D29170CE2659A49800C5F3E5 /* MemorizeUITests.swift */ = {isa = PBXFileReference; lastKnownFileType = sourcecode.swift; path = MemorizeUITests.swift; sourceTree = "<group>"; };
		D29170D02659A49800C5F3E5 /* Info.plist */ = {isa = PBXFileReference; lastKnownFileType = text.plist.xml; path = Info.plist; sourceTree = "<group>"; };
/* End PBXFileReference section */

/* Begin PBXFrameworksBuildPhase section */
		D29170AB2659A49700C5F3E5 /* Frameworks */ = {
			isa = PBXFrameworksBuildPhase;
			buildActionMask = 2147483647;
			files = (
			);
			runOnlyForDeploymentPostprocessing = 0;
		};
		D29170BC2659A49800C5F3E5 /* Frameworks */ = {
			isa = PBXFrameworksBuildPhase;
			buildActionMask = 2147483647;
			files = (
			);
			runOnlyForDeploymentPostprocessing = 0;
		};
		D29170C72659A49800C5F3E5 /* Frameworks */ = {
			isa = PBXFrameworksBuildPhase;
			buildActionMask = 2147483647;
			files = (
			);
			runOnlyForDeploymentPostprocessing = 0;
		};
/* End PBXFrameworksBuildPhase section */

/* Begin PBXGroup section */
		D242D05E266672E7002EA7F2 /* Models */ = {
			isa = PBXGroup;
			children = (
				D242D05C266672DA002EA7F2 /* MemoryGame.swift */,
			);
			path = Models;
			sourceTree = "<group>";
		};
		D242D05F266672F2002EA7F2 /* Views */ = {
			isa = PBXGroup;
			children = (
				D29170B32659A49700C5F3E5 /* EmojiMemoryGameView.swift */,
			);
			path = Views;
			sourceTree = "<group>";
		};
		D242D062266677B0002EA7F2 /* ViewModels */ = {
			isa = PBXGroup;
			children = (
				D242D060266677A7002EA7F2 /* EmojiMemoryGame.swift */,
			);
			path = ViewModels;
			sourceTree = "<group>";
		};
		D29170A52659A49700C5F3E5 = {
			isa = PBXGroup;
			children = (
				D29170B02659A49700C5F3E5 /* Memorize */,
				D29170C22659A49800C5F3E5 /* MemorizeTests */,
				D29170CD2659A49800C5F3E5 /* MemorizeUITests */,
				D29170AF2659A49700C5F3E5 /* Products */,
			);
			sourceTree = "<group>";
		};
		D29170AF2659A49700C5F3E5 /* Products */ = {
			isa = PBXGroup;
			children = (
				D29170AE2659A49700C5F3E5 /* Memorize.app */,
				D29170BF2659A49800C5F3E5 /* MemorizeTests.xctest */,
				D29170CA2659A49800C5F3E5 /* MemorizeUITests.xctest */,
			);
			name = Products;
			sourceTree = "<group>";
		};
		D29170B02659A49700C5F3E5 /* Memorize */ = {
			isa = PBXGroup;
			children = (
				D29170B12659A49700C5F3E5 /* MemorizeApp.swift */,
				D242D05F266672F2002EA7F2 /* Views */,
				D242D05E266672E7002EA7F2 /* Models */,
				D242D062266677B0002EA7F2 /* ViewModels */,
				D29170B52659A49800C5F3E5 /* Assets.xcassets */,
				D29170BA2659A49800C5F3E5 /* Info.plist */,
				D29170B72659A49800C5F3E5 /* Preview Content */,
			);
			path = Memorize;
			sourceTree = "<group>";
		};
		D29170B72659A49800C5F3E5 /* Preview Content */ = {
			isa = PBXGroup;
			children = (
				D29170B82659A49800C5F3E5 /* Preview Assets.xcassets */,
			);
			path = "Preview Content";
			sourceTree = "<group>";
		};
		D29170C22659A49800C5F3E5 /* MemorizeTests */ = {
			isa = PBXGroup;
			children = (
				D29170C32659A49800C5F3E5 /* MemorizeTests.swift */,
				D29170C52659A49800C5F3E5 /* Info.plist */,
			);
			path = MemorizeTests;
			sourceTree = "<group>";
		};
		D29170CD2659A49800C5F3E5 /* MemorizeUITests */ = {
			isa = PBXGroup;
			children = (
				D29170CE2659A49800C5F3E5 /* MemorizeUITests.swift */,
				D29170D02659A49800C5F3E5 /* Info.plist */,
			);
			path = MemorizeUITests;
			sourceTree = "<group>";
		};
/* End PBXGroup section */

/* Begin PBXNativeTarget section */
		D29170AD2659A49700C5F3E5 /* Memorize */ = {
			isa = PBXNativeTarget;
			buildConfigurationList = D29170D32659A49800C5F3E5 /* Build configuration list for PBXNativeTarget "Memorize" */;
			buildPhases = (
				D29170AA2659A49700C5F3E5 /* Sources */,
				D29170AB2659A49700C5F3E5 /* Frameworks */,
				D29170AC2659A49700C5F3E5 /* Resources */,
			);
			buildRules = (
			);
			dependencies = (
			);
			name = Memorize;
			productName = Memorize;
			productReference = D29170AE2659A49700C5F3E5 /* Memorize.app */;
			productType = "com.apple.product-type.application";
		};
		D29170BE2659A49800C5F3E5 /* MemorizeTests */ = {
			isa = PBXNativeTarget;
			buildConfigurationList = D29170D62659A49800C5F3E5 /* Build configuration list for PBXNativeTarget "MemorizeTests" */;
			buildPhases = (
				D29170BB2659A49800C5F3E5 /* Sources */,
				D29170BC2659A49800C5F3E5 /* Frameworks */,
				D29170BD2659A49800C5F3E5 /* Resources */,
			);
			buildRules = (
			);
			dependencies = (
				D29170C12659A49800C5F3E5 /* PBXTargetDependency */,
			);
			name = MemorizeTests;
			productName = MemorizeTests;
			productReference = D29170BF2659A49800C5F3E5 /* MemorizeTests.xctest */;
			productType = "com.apple.product-type.bundle.unit-test";
		};
		D29170C92659A49800C5F3E5 /* MemorizeUITests */ = {
			isa = PBXNativeTarget;
			buildConfigurationList = D29170D92659A49800C5F3E5 /* Build configuration list for PBXNativeTarget "MemorizeUITests" */;
			buildPhases = (
				D29170C62659A49800C5F3E5 /* Sources */,
				D29170C72659A49800C5F3E5 /* Frameworks */,
				D29170C82659A49800C5F3E5 /* Resources */,
			);
			buildRules = (
			);
			dependencies = (
				D29170CC2659A49800C5F3E5 /* PBXTargetDependency */,
			);
			name = MemorizeUITests;
			productName = MemorizeUITests;
			productReference = D29170CA2659A49800C5F3E5 /* MemorizeUITests.xctest */;
			productType = "com.apple.product-type.bundle.ui-testing";
		};
/* End PBXNativeTarget section */

/* Begin PBXProject section */
		D29170A62659A49700C5F3E5 /* Project object */ = {
			isa = PBXProject;
			attributes = {
				LastSwiftUpdateCheck = 1250;
				LastUpgradeCheck = 1250;
				TargetAttributes = {
					D29170AD2659A49700C5F3E5 = {
						CreatedOnToolsVersion = 12.5;
					};
					D29170BE2659A49800C5F3E5 = {
						CreatedOnToolsVersion = 12.5;
						TestTargetID = D29170AD2659A49700C5F3E5;
					};
					D29170C92659A49800C5F3E5 = {
						CreatedOnToolsVersion = 12.5;
						TestTargetID = D29170AD2659A49700C5F3E5;
					};
				};
			};
			buildConfigurationList = D29170A92659A49700C5F3E5 /* Build configuration list for PBXProject "Memorize" */;
			compatibilityVersion = "Xcode 13.0";
			developmentRegion = en;
			hasScannedForEncodings = 0;
			knownRegions = (
				en,
				Base,
			);
			mainGroup = D29170A52659A49700C5F3E5;
			productRefGroup = D29170AF2659A49700C5F3E5 /* Products */;
			projectDirPath = "";
			projectRoot = "";
			targets = (
				D29170AD2659A49700C5F3E5 /* Memorize */,
				D29170BE2659A49800C5F3E5 /* MemorizeTests */,
				D29170C92659A49800C5F3E5 /* MemorizeUITests */,
			);
		};
/* End PBXProject section */

/* Begin PBXResourcesBuildPhase section */
		D29170AC2659A49700C5F3E5 /* Resources */ = {
			isa = PBXResourcesBuildPhase;
			buildActionMask = 2147483647;
			files = (
				D29170B92659A49800C5F3E5 /* Preview Assets.xcassets in Resources */,
				D29170B62659A49800C5F3E5 /* Assets.xcassets in Resources */,
			);
			runOnlyForDeploymentPostprocessing = 0;
		};
		D29170BD2659A49800C5F3E5 /* Resources */ = {
			isa = PBXResourcesBuildPhase;
			buildActionMask = 2147483647;
			files = (
			);
			runOnlyForDeploymentPostprocessing = 0;
		};
		D29170C82659A49800C5F3E5 /* Resources */ = {
			isa = PBXResourcesBuildPhase;
			buildActionMask = 2147483647;
			files = (
			);
			runOnlyForDeploymentPostprocessing = 0;
		};
/* End PBXResourcesBuildPhase section */

/* Begin PBXSourcesBuildPhase section */
		D29170AA2659A49700C5F3E5 /* Sources */ = {
			isa = PBXSourcesBuildPhase;
			buildActionMask = 2147483647;
			files = (
				D242D05D266672DA002EA7F2 /* MemoryGame.swift in Sources */,
				D29170B42659A49700C5F3E5 /* EmojiMemoryGameView.swift in Sources */,
				D29170B22659A49700C5F3E5 /* MemorizeApp.swift in Sources */,
				D242D061266677A7002EA7F2 /* EmojiMemoryGame.swift in Sources */,
			);
			runOnlyForDeploymentPostprocessing = 0;
		};
		D29170BB2659A49800C5F3E5 /* Sources */ = {
			isa = PBXSourcesBuildPhase;
			buildActionMask = 2147483647;
			files = (
				D29170C42659A49800C5F3E5 /* MemorizeTests.swift in Sources */,
			);
			runOnlyForDeploymentPostprocessing = 0;
		};
		D29170C62659A49800C5F3E5 /* Sources */ = {
			isa = PBXSourcesBuildPhase;
			buildActionMask = 2147483647;
			files = (
				D29170CF2659A49800C5F3E5 /* MemorizeUITests.swift in Sources */,
			);
			runOnlyForDeploymentPostprocessing = 0;
		};
/* End PBXSourcesBuildPhase section */

/* Begin PBXTargetDependency section */
		D29170C12659A49800C5F3E5 /* PBXTargetDependency */ = {
			isa = PBXTargetDependency;
			target = D29170AD2659A49700C5F3E5 /* Memorize */;
			targetProxy = D29170C02659A49800C5F3E5 /* PBXContainerItemProxy */;
		};
		D29170CC2659A49800C5F3E5 /* PBXTargetDependency */ = {
			isa = PBXTargetDependency;
			target = D29170AD2659A49700C5F3E5 /* Memorize */;
			targetProxy = D29170CB2659A49800C5F3E5 /* PBXContainerItemProxy */;
		};
/* End PBXTargetDependency section */

/* Begin XCBuildConfiguration section */
		D29170D12659A49800C5F3E5 /* Debug */ = {
			isa = XCBuildConfiguration;
			buildSettings = {
				ALWAYS_SEARCH_USER_PATHS = NO;
				CLANG_ANALYZER_NONNULL = YES;
				CLANG_ANALYZER_NUMBER_OBJECT_CONVERSION = YES_AGGRESSIVE;
				CLANG_CXX_LANGUAGE_STANDARD = "gnu++14";
				CLANG_CXX_LIBRARY = "libc++";
				CLANG_ENABLE_MODULES = YES;
				CLANG_ENABLE_OBJC_ARC = YES;
				CLANG_ENABLE_OBJC_WEAK = YES;
				CLANG_WARN_BLOCK_CAPTURE_AUTORELEASING = YES;
				CLANG_WARN_BOOL_CONVERSION = YES;
				CLANG_WARN_COMMA = YES;
				CLANG_WARN_CONSTANT_CONVERSION = YES;
				CLANG_WARN_DEPRECATED_OBJC_IMPLEMENTATIONS = YES;
				CLANG_WARN_DIRECT_OBJC_ISA_USAGE = YES_ERROR;
				CLANG_WARN_DOCUMENTATION_COMMENTS = YES;
				CLANG_WARN_EMPTY_BODY = YES;
				CLANG_WARN_ENUM_CONVERSION = YES;
				CLANG_WARN_INFINITE_RECURSION = YES;
				CLANG_WARN_INT_CONVERSION = YES;
				CLANG_WARN_NON_LITERAL_NULL_CONVERSION = YES;
				CLANG_WARN_OBJC_IMPLICIT_RETAIN_SELF = YES;
				CLANG_WARN_OBJC_LITERAL_CONVERSION = YES;
				CLANG_WARN_OBJC_ROOT_CLASS = YES_ERROR;
				CLANG_WARN_QUOTED_INCLUDE_IN_FRAMEWORK_HEADER = YES;
				CLANG_WARN_RANGE_LOOP_ANALYSIS = YES;
				CLANG_WARN_STRICT_PROTOTYPES = YES;
				CLANG_WARN_SUSPICIOUS_MOVE = YES;
				CLANG_WARN_UNGUARDED_AVAILABILITY = YES_AGGRESSIVE;
				CLANG_WARN_UNREACHABLE_CODE = YES;
				CLANG_WARN__DUPLICATE_METHOD_MATCH = YES;
				COPY_PHASE_STRIP = NO;
				DEBUG_INFORMATION_FORMAT = dwarf;
				ENABLE_STRICT_OBJC_MSGSEND = YES;
				ENABLE_TESTABILITY = YES;
				GCC_C_LANGUAGE_STANDARD = gnu11;
				GCC_DYNAMIC_NO_PIC = NO;
				GCC_NO_COMMON_BLOCKS = YES;
				GCC_OPTIMIZATION_LEVEL = 0;
				GCC_PREPROCESSOR_DEFINITIONS = (
					"DEBUG=1",
					"$(inherited)",
				);
				GCC_WARN_64_TO_32_BIT_CONVERSION = YES;
				GCC_WARN_ABOUT_RETURN_TYPE = YES_ERROR;
				GCC_WARN_UNDECLARED_SELECTOR = YES;
				GCC_WARN_UNINITIALIZED_AUTOS = YES_AGGRESSIVE;
				GCC_WARN_UNUSED_FUNCTION = YES;
				GCC_WARN_UNUSED_VARIABLE = YES;
				IPHONEOS_DEPLOYMENT_TARGET = 14.5;
				MTL_ENABLE_DEBUG_INFO = INCLUDE_SOURCE;
				MTL_FAST_MATH = YES;
				ONLY_ACTIVE_ARCH = YES;
				SDKROOT = iphoneos;
				SWIFT_ACTIVE_COMPILATION_CONDITIONS = DEBUG;
				SWIFT_OPTIMIZATION_LEVEL = "-Onone";
			};
			name = Debug;
		};
		D29170D22659A49800C5F3E5 /* Release */ = {
			isa = XCBuildConfiguration;
			buildSettings = {
				ALWAYS_SEARCH_USER_PATHS = NO;
				CLANG_ANALYZER_NONNULL = YES;
				CLANG_ANALYZER_NUMBER_OBJECT_CONVERSION = YES_AGGRESSIVE;
				CLANG_CXX_LANGUAGE_STANDARD = "gnu++14";
				CLANG_CXX_LIBRARY = "libc++";
				CLANG_ENABLE_MODULES = YES;
				CLANG_ENABLE_OBJC_ARC = YES;
				CLANG_ENABLE_OBJC_WEAK = YES;
				CLANG_WARN_BLOCK_CAPTURE_AUTORELEASING = YES;
				CLANG_WARN_BOOL_CONVERSION = YES;
				CLANG_WARN_COMMA = YES;
				CLANG_WARN_CONSTANT_CONVERSION = YES;
				CLANG_WARN_DEPRECATED_OBJC_IMPLEMENTATIONS = YES;
				CLANG_WARN_DIRECT_OBJC_ISA_USAGE = YES_ERROR;
				CLANG_WARN_DOCUMENTATION_COMMENTS = YES;
				CLANG_WARN_EMPTY_BODY = YES;
				CLANG_WARN_ENUM_CONVERSION = YES;
				CLANG_WARN_INFINITE_RECURSION = YES;
				CLANG_WARN_INT_CONVERSION = YES;
				CLANG_WARN_NON_LITERAL_NULL_CONVERSION = YES;
				CLANG_WARN_OBJC_IMPLICIT_RETAIN_SELF = YES;
				CLANG_WARN_OBJC_LITERAL_CONVERSION = YES;
				CLANG_WARN_OBJC_ROOT_CLASS = YES_ERROR;
				CLANG_WARN_QUOTED_INCLUDE_IN_FRAMEWORK_HEADER = YES;
				CLANG_WARN_RANGE_LOOP_ANALYSIS = YES;
				CLANG_WARN_STRICT_PROTOTYPES = YES;
				CLANG_WARN_SUSPICIOUS_MOVE = YES;
				CLANG_WARN_UNGUARDED_AVAILABILITY = YES_AGGRESSIVE;
				CLANG_WARN_UNREACHABLE_CODE = YES;
				CLANG_WARN__DUPLICATE_METHOD_MATCH = YES;
				COPY_PHASE_STRIP = NO;
				DEBUG_INFORMATION_FORMAT = "dwarf-with-dsym";
				ENABLE_NS_ASSERTIONS = NO;
				ENABLE_STRICT_OBJC_MSGSEND = YES;
				GCC_C_LANGUAGE_STANDARD = gnu11;
				GCC_NO_COMMON_BLOCKS = YES;
				GCC_WARN_64_TO_32_BIT_CONVERSION = YES;
				GCC_WARN_ABOUT_RETURN_TYPE = YES_ERROR;
				GCC_WARN_UNDECLARED_SELECTOR = YES;
				GCC_WARN_UNINITIALIZED_AUTOS = YES_AGGRESSIVE;
				GCC_WARN_UNUSED_FUNCTION = YES;
				GCC_WARN_UNUSED_VARIABLE = YES;
				IPHONEOS_DEPLOYMENT_TARGET = 14.5;
				MTL_ENABLE_DEBUG_INFO = NO;
				MTL_FAST_MATH = YES;
				SDKROOT = iphoneos;
				SWIFT_COMPILATION_MODE = wholemodule;
				SWIFT_OPTIMIZATION_LEVEL = "-O";
				VALIDATE_PRODUCT = YES;
			};
			name = Release;
		};
		D29170D42659A49800C5F3E5 /* Debug */ = {
			isa = XCBuildConfiguration;
			buildSettings = {
				ASSETCATALOG_COMPILER_APPICON_NAME = AppIcon;
				ASSETCATALOG_COMPILER_GLOBAL_ACCENT_COLOR_NAME = AccentColor;
				CODE_SIGN_STYLE = Automatic;
				DEVELOPMENT_ASSET_PATHS = "\"Memorize/Preview Content\"";
				DEVELOPMENT_TEAM = KY5247HKKB;
				ENABLE_PREVIEWS = YES;
				INFOPLIST_FILE = Memorize/Info.plist;
				IPHONEOS_DEPLOYMENT_TARGET = 15.0;
				LD_RUNPATH_SEARCH_PATHS = (
					"$(inherited)",
					"@executable_path/Frameworks",
				);
				PRODUCT_BUNDLE_IDENTIFIER = com.AhmedAlfrash.Memorize;
				PRODUCT_NAME = "$(TARGET_NAME)";
				SWIFT_VERSION = 5.0;
				TARGETED_DEVICE_FAMILY = "1,2";
			};
			name = Debug;
		};
		D29170D52659A49800C5F3E5 /* Release */ = {
			isa = XCBuildConfiguration;
			buildSettings = {
				ASSETCATALOG_COMPILER_APPICON_NAME = AppIcon;
				ASSETCATALOG_COMPILER_GLOBAL_ACCENT_COLOR_NAME = AccentColor;
				CODE_SIGN_STYLE = Automatic;
				DEVELOPMENT_ASSET_PATHS = "\"Memorize/Preview Content\"";
				DEVELOPMENT_TEAM = KY5247HKKB;
				ENABLE_PREVIEWS = YES;
				INFOPLIST_FILE = Memorize/Info.plist;
				IPHONEOS_DEPLOYMENT_TARGET = 15.0;
				LD_RUNPATH_SEARCH_PATHS = (
					"$(inherited)",
					"@executable_path/Frameworks",
				);
				PRODUCT_BUNDLE_IDENTIFIER = com.AhmedAlfrash.Memorize;
				PRODUCT_NAME = "$(TARGET_NAME)";
				SWIFT_VERSION = 5.0;
				TARGETED_DEVICE_FAMILY = "1,2";
			};
			name = Release;
		};
		D29170D72659A49800C5F3E5 /* Debug */ = {
			isa = XCBuildConfiguration;
			buildSettings = {
				ALWAYS_EMBED_SWIFT_STANDARD_LIBRARIES = YES;
				BUNDLE_LOADER = "$(TEST_HOST)";
				CODE_SIGN_STYLE = Automatic;
				DEVELOPMENT_TEAM = KY5247HKKB;
				INFOPLIST_FILE = MemorizeTests/Info.plist;
				IPHONEOS_DEPLOYMENT_TARGET = 14.0;
				LD_RUNPATH_SEARCH_PATHS = (
					"$(inherited)",
					"@executable_path/Frameworks",
					"@loader_path/Frameworks",
				);
				PRODUCT_BUNDLE_IDENTIFIER = com.AhmedAlfrash.MemorizeTests;
				PRODUCT_NAME = "$(TARGET_NAME)";
				SWIFT_VERSION = 5.0;
				TARGETED_DEVICE_FAMILY = "1,2";
				TEST_HOST = "$(BUILT_PRODUCTS_DIR)/Memorize.app/Memorize";
			};
			name = Debug;
		};
		D29170D82659A49800C5F3E5 /* Release */ = {
			isa = XCBuildConfiguration;
			buildSettings = {
				ALWAYS_EMBED_SWIFT_STANDARD_LIBRARIES = YES;
				BUNDLE_LOADER = "$(TEST_HOST)";
				CODE_SIGN_STYLE = Automatic;
				DEVELOPMENT_TEAM = KY5247HKKB;
				INFOPLIST_FILE = MemorizeTests/Info.plist;
				IPHONEOS_DEPLOYMENT_TARGET = 14.0;
				LD_RUNPATH_SEARCH_PATHS = (
					"$(inherited)",
					"@executable_path/Frameworks",
					"@loader_path/Frameworks",
				);
				PRODUCT_BUNDLE_IDENTIFIER = com.AhmedAlfrash.MemorizeTests;
				PRODUCT_NAME = "$(TARGET_NAME)";
				SWIFT_VERSION = 5.0;
				TARGETED_DEVICE_FAMILY = "1,2";
				TEST_HOST = "$(BUILT_PRODUCTS_DIR)/Memorize.app/Memorize";
			};
			name = Release;
		};
		D29170DA2659A49800C5F3E5 /* Debug */ = {
			isa = XCBuildConfiguration;
			buildSettings = {
				ALWAYS_EMBED_SWIFT_STANDARD_LIBRARIES = YES;
				CODE_SIGN_STYLE = Automatic;
				DEVELOPMENT_TEAM = KY5247HKKB;
				INFOPLIST_FILE = MemorizeUITests/Info.plist;
				LD_RUNPATH_SEARCH_PATHS = (
					"$(inherited)",
					"@executable_path/Frameworks",
					"@loader_path/Frameworks",
				);
				PRODUCT_BUNDLE_IDENTIFIER = com.AhmedAlfrash.MemorizeUITests;
				PRODUCT_NAME = "$(TARGET_NAME)";
				SWIFT_VERSION = 5.0;
				TARGETED_DEVICE_FAMILY = "1,2";
				TEST_TARGET_NAME = Memorize;
			};
			name = Debug;
		};
		D29170DB2659A49800C5F3E5 /* Release */ = {
			isa = XCBuildConfiguration;
			buildSettings = {
				ALWAYS_EMBED_SWIFT_STANDARD_LIBRARIES = YES;
				CODE_SIGN_STYLE = Automatic;
				DEVELOPMENT_TEAM = KY5247HKKB;
				INFOPLIST_FILE = MemorizeUITests/Info.plist;
				LD_RUNPATH_SEARCH_PATHS = (
					"$(inherited)",
					"@executable_path/Frameworks",
					"@loader_path/Frameworks",
				);
				PRODUCT_BUNDLE_IDENTIFIER = com.AhmedAlfrash.MemorizeUITests;
				PRODUCT_NAME = "$(TARGET_NAME)";
				SWIFT_VERSION = 5.0;
				TARGETED_DEVICE_FAMILY = "1,2";
				TEST_TARGET_NAME = Memorize;
			};
			name = Release;
		};
/* End XCBuildConfiguration section */

/* Begin XCConfigurationList section */
		D29170A92659A49700C5F3E5 /* Build configuration list for PBXProject "Memorize" */ = {
			isa = XCConfigurationList;
			buildConfigurations = (
				D29170D12659A49800C5F3E5 /* Debug */,
				D29170D22659A49800C5F3E5 /* Release */,
			);
			defaultConfigurationIsVisible = 0;
			defaultConfigurationName = Release;
		};
		D29170D32659A49800C5F3E5 /* Build configuration list for PBXNativeTarget "Memorize" */ = {
			isa = XCConfigurationList;
			buildConfigurations = (
				D29170D42659A49800C5F3E5 /* Debug */,
				D29170D52659A49800C5F3E5 /* Release */,
			);
			defaultConfigurationIsVisible = 0;
			defaultConfigurationName = Release;
		};
		D29170D62659A49800C5F3E5 /* Build configuration list for PBXNativeTarget "MemorizeTests" */ = {
			isa = XCConfigurationList;
			buildConfigurations = (
				D29170D72659A49800C5F3E5 /* Debug */,
				D29170D82659A49800C5F3E5 /* Release */,
			);
			defaultConfigurationIsVisible = 0;
			defaultConfigurationName = Release;
		};
		D29170D92659A49800C5F3E5 /* Build configuration list for PBXNativeTarget "MemorizeUITests" */ = {
			isa = XCConfigurationList;
			buildConfigurations = (
				D29170DA2659A49800C5F3E5 /* Debug */,
				D29170DB2659A49800C5F3E5 /* Release */,
			);
			defaultConfigurationIsVisible = 0;
			defaultConfigurationName = Release;
		};
/* End XCConfigurationList section */
	};
	rootObject = D29170A62659A49700C5F3E5 /* Project object */;
}
